
Microsoft Visual Studio Solution File, Format Version 12.00
# Visual Studio Version 17
VisualStudioVersion = 17.3.32819.101
MinimumVisualStudioVersion = 10.0.40219.1
Project("{FAE04EC0-301F-11D3-BF4B-00C04F79EFBC}") = "PlateComparison", "PlateComparison\PlateComparison.csproj", "{E086D4F7-AE93-47AE-B657-E8CCDDE47115}"
EndProject
Global
	GlobalSection(SolutionConfigurationPlatforms) = preSolution
		Debug|Any CPU = Debug|Any CPU
		Release|Any CPU = Release|Any CPU
	EndGlobalSection
	GlobalSection(ProjectConfigurationPlatforms) = postSolution
		{E086D4F7-AE93-47AE-B657-E8CCDDE47115}.Debug|Any CPU.ActiveCfg = Debug|Any CPU
		{E086D4F7-AE93-47AE-B657-E8CCDDE47115}.Debug|Any CPU.Build.0 = Debug|Any CPU
		{E086D4F7-AE93-47AE-B657-E8CCDDE47115}.Release|Any CPU.ActiveCfg = Release|Any CPU
		{E086D4F7-AE93-47AE-B657-E8CCDDE47115}.Release|Any CPU.Build.0 = Release|Any CPU
	EndGlobalSection
	GlobalSection(SolutionProperties) = preSolution
		HideSolutionNode = FALSE
	EndGlobalSection
	GlobalSection(ExtensibilityGlobals) = postSolution
		SolutionGuid = {06904CBB-A21E-4209-9B35-8A95F9BE1C24}
	EndGlobalSection
EndGlobal
